
Microsoft Visual Studio Solution File, Format Version 12.00
# Visual Studio Version 16
VisualStudioVersion = 16.0.30320.27
MinimumVisualStudioVersion = 10.0.40219.1
Project("{FAE04EC0-301F-11D3-BF4B-00C04F79EFBC}") = "RevitRebarConcreteVolume", "RevitRebarConcreteVolume\RevitRebarConcreteVolume.csproj", "{0EF76700-98DD-4FD5-9660-498A43F4D307}"
EndProject
Global
	GlobalSection(SolutionConfigurationPlatforms) = preSolution
		Debug|Any CPU = Debug|Any CPU
		Release|Any CPU = Release|Any CPU
	EndGlobalSection
	GlobalSection(ProjectConfigurationPlatforms) = postSolution
		{0EF76700-98DD-4FD5-9660-498A43F4D307}.Debug|Any CPU.ActiveCfg = Debug|Any CPU
		{0EF76700-98DD-4FD5-9660-498A43F4D307}.Debug|Any CPU.Build.0 = Debug|Any CPU
		{0EF76700-98DD-4FD5-9660-498A43F4D307}.Release|Any CPU.ActiveCfg = Release|Any CPU
		{0EF76700-98DD-4FD5-9660-498A43F4D307}.Release|Any CPU.Build.0 = Release|Any CPU
	EndGlobalSection
	GlobalSection(SolutionProperties) = preSolution
		HideSolutionNode = FALSE
	EndGlobalSection
	GlobalSection(ExtensibilityGlobals) = postSolution
		SolutionGuid = {9FE9A12B-2852-456D-893A-B1556B32E1CE}
	EndGlobalSection
EndGlobal
